
Microsoft Visual Studio Solution File, Format Version 12.00
# Visual Studio Version 16
VisualStudioVersion = 16.0.31410.357
MinimumVisualStudioVersion = 10.0.40219.1
Project("{FAE04EC0-301F-11D3-BF4B-00C04F79EFBC}") = "FIT5032_final", "FIT5032_final\FIT5032_final.csproj", "{9F9AD29F-002F-4CD2-B32E-4B6CD03002AA}"
EndProject
Global
	GlobalSection(SolutionConfigurationPlatforms) = preSolution
		Debug|Any CPU = Debug|Any CPU
		Release|Any CPU = Release|Any CPU
	EndGlobalSection
	GlobalSection(ProjectConfigurationPlatforms) = postSolution
		{9F9AD29F-002F-4CD2-B32E-4B6CD03002AA}.Debug|Any CPU.ActiveCfg = Debug|Any CPU
		{9F9AD29F-002F-4CD2-B32E-4B6CD03002AA}.Debug|Any CPU.Build.0 = Debug|Any CPU
		{9F9AD29F-002F-4CD2-B32E-4B6CD03002AA}.Release|Any CPU.ActiveCfg = Release|Any CPU
		{9F9AD29F-002F-4CD2-B32E-4B6CD03002AA}.Release|Any CPU.Build.0 = Release|Any CPU
	EndGlobalSection
	GlobalSection(SolutionProperties) = preSolution
		HideSolutionNode = FALSE
	EndGlobalSection
	GlobalSection(ExtensibilityGlobals) = postSolution
		SolutionGuid = {039E37A8-4F0D-4135-9A6D-E44ACC7DBFCA}
	EndGlobalSection
EndGlobal
